
Microsoft Visual Studio Solution File, Format Version 12.00
# Visual Studio Version 16
VisualStudioVersion = 16.0.31005.135
MinimumVisualStudioVersion = 10.0.40219.1
Project("{FAE04EC0-301F-11D3-BF4B-00C04F79EFBC}") = "Exercicio01", "Exercicio01\Exercicio01.csproj", "{2FB9B32E-F10D-4D99-B857-8FA1C759D4BE}"
EndProject
Global
	GlobalSection(SolutionConfigurationPlatforms) = preSolution
		Debug|Any CPU = Debug|Any CPU
		Release|Any CPU = Release|Any CPU
	EndGlobalSection
	GlobalSection(ProjectConfigurationPlatforms) = postSolution
		{2FB9B32E-F10D-4D99-B857-8FA1C759D4BE}.Debug|Any CPU.ActiveCfg = Debug|Any CPU
		{2FB9B32E-F10D-4D99-B857-8FA1C759D4BE}.Debug|Any CPU.Build.0 = Debug|Any CPU
		{2FB9B32E-F10D-4D99-B857-8FA1C759D4BE}.Release|Any CPU.ActiveCfg = Release|Any CPU
		{2FB9B32E-F10D-4D99-B857-8FA1C759D4BE}.Release|Any CPU.Build.0 = Release|Any CPU
	EndGlobalSection
	GlobalSection(SolutionProperties) = preSolution
		HideSolutionNode = FALSE
	EndGlobalSection
	GlobalSection(ExtensibilityGlobals) = postSolution
		SolutionGuid = {2DFBB6D0-79F9-4E48-BABF-F88DA74A618B}
	EndGlobalSection
EndGlobal
