
Microsoft Visual Studio Solution File, Format Version 12.00
# Visual Studio Version 16
VisualStudioVersion = 16.0.31005.135
MinimumVisualStudioVersion = 10.0.40219.1
Project("{FAE04EC0-301F-11D3-BF4B-00C04F79EFBC}") = "JogoDaVelhaFinal", "JogoDaVelhaFinal\JogoDaVelhaFinal.csproj", "{A53D0707-EB78-415D-8948-B40C9C9C639C}"
EndProject
Global
	GlobalSection(SolutionConfigurationPlatforms) = preSolution
		Debug|Any CPU = Debug|Any CPU
		Release|Any CPU = Release|Any CPU
	EndGlobalSection
	GlobalSection(ProjectConfigurationPlatforms) = postSolution
		{A53D0707-EB78-415D-8948-B40C9C9C639C}.Debug|Any CPU.ActiveCfg = Debug|Any CPU
		{A53D0707-EB78-415D-8948-B40C9C9C639C}.Debug|Any CPU.Build.0 = Debug|Any CPU
		{A53D0707-EB78-415D-8948-B40C9C9C639C}.Release|Any CPU.ActiveCfg = Release|Any CPU
		{A53D0707-EB78-415D-8948-B40C9C9C639C}.Release|Any CPU.Build.0 = Release|Any CPU
	EndGlobalSection
	GlobalSection(SolutionProperties) = preSolution
		HideSolutionNode = FALSE
	EndGlobalSection
	GlobalSection(ExtensibilityGlobals) = postSolution
		SolutionGuid = {AD9BD9E9-0D49-45C5-88A5-190693639D04}
	EndGlobalSection
EndGlobal
